<?xml version="1.0" encoding="utf-8"?>
<Project ToolsVersion="4.0" xmlns="http://schemas.microsoft.com/developer/msbuild/2003">
  <ItemGroup>
    <Filter Include="Source Files">
      <UniqueIdentifier>{4FC737F1-C7A5-4376-A066-2A32D752A2FF}</UniqueIdentifier>
      <Extensions>cpp;c;cc;cxx;def;odl;idl;hpj;bat;asm;asmx</Extensions>
    </Filter>
    <Filter Include="Header Files">
      <UniqueIdentifier>{93995380-89BD-4b04-88EB-625FBE52EBFB}</UniqueIdentifier>
      <Extensions>h;hpp;hxx;hm;inl;inc;xsd</Extensions>
    </Filter>
    <Filter Include="Resource Files">
      <UniqueIdentifier>{67DA6AB6-F800-4c08-8B7A-83BB121AAD01}</UniqueIdentifier>
      <Extensions>rc;ico;cur;bmp;dlg;rc2;rct;bin;rgs;gif;jpg;jpeg;jpe;resx;tiff;tif;png;wav;mfcribbon-ms</Extensions>
    </Filter>
    <Filter Include="Header Files\Account">
      <UniqueIdentifier>{20b2fc6e-ae0a-4b75-861c-6f75f26336b1}</UniqueIdentifier>
    </Filter>
    <Filter Include="Source Files\Account">
      <UniqueIdentifier>{8cc12e33-0243-4835-8b91-3e9b7428fc3b}</UniqueIdentifier>
    </Filter>
    <Filter Include="Header Files\Clients">
      <UniqueIdentifier>{c137af7b-4223-4911-82fd-b27418113ab2}</UniqueIdentifier>
    </Filter>
    <Filter Include="Source Files\Clients">
      <UniqueIdentifier>{8cad6bbf-70e3-4195-8b62-f10839143baa}</UniqueIdentifier>
    </Filter>
    <Filter Include="Header Files\Interface">
      <UniqueIdentifier>{d67cfe68-95c1-4b0f-ad29-d07492d998bd}</UniqueIdentifier>
    </Filter>
    <Filter Include="Source Files\Interface">
      <UniqueIdentifier>{5b25692f-f015-40b6-a5d1-6c093032f850}</UniqueIdentifier>
    </Filter>
  </ItemGroup>
  <ItemGroup>
    <ClInclude Include="BankController.h">
      <Filter>Header Files</Filter>
    </ClInclude>
    <ClInclude Include="ExpMsg.h">
      <Filter>Header Files</Filter>
    </ClInclude>
    <ClInclude Include="Account.h">
      <Filter>Header Files\Account</Filter>
    </ClInclude>
    <ClInclude Include="StudentAccount.h">
      <Filter>Header Files\Account</Filter>
    </ClInclude>
    <ClInclude Include="PrivateAccount.h">
      <Filter>Header Files\Account</Filter>
    </ClInclude>
    <ClInclude Include="BusinessAccount.h">
      <Filter>Header Files\Account</Filter>
    </ClInclude>
    <ClInclude Include="GoldClient.h">
      <Filter>Header Files\Clients</Filter>
    </ClInclude>
    <ClInclude Include="PlatinumClient.h">
      <Filter>Header Files\Clients</Filter>
    </ClInclude>
    <ClInclude Include="Client.h">
      <Filter>Header Files\Clients</Filter>
    </ClInclude>
    <ClInclude Include="RegularClient.h">
      <Filter>Header Files\Clients</Filter>
    </ClInclude>
    <ClInclude Include="BankInterface.h">
      <Filter>Header Files\Interface</Filter>
    </ClInclude>
    <ClInclude Include="ATMInterface.h">
      <Filter>Header Files\Interface</Filter>
    </ClInclude>
    <ClInclude Include="ManagerInterface.h">
      <Filter>Header Files\Interface</Filter>
    </ClInclude>
    <ClInclude Include="TellerInterface.h">
      <Filter>Header Files\Interface</Filter>
    </ClInclude>
    <ClInclude Include="CreditCard.h">
      <Filter>Header Files\Clients</Filter>
    </ClInclude>
    <ClInclude Include="Accounts.h">
      <Filter>Header Files</Filter>
    </ClInclude>
    <ClInclude Include="Clients.h">
      <Filter>Header Files</Filter>
    </ClInclude>
    <ClInclude Include="BankDB.h">
      <Filter>Header Files</Filter>
    </ClInclude>
    <ClInclude Include="ATMAction.h">
      <Filter>Header Files</Filter>
    </ClInclude>
  </ItemGroup>
  <ItemGroup>
    <ClCompile Include="BankController.cpp">
      <Filter>Source Files</Filter>
    </ClCompile>
    <ClCompile Include="main.cpp">
      <Filter>Source Files</Filter>
    </ClCompile>
    <ClCompile Include="Account.cpp">
      <Filter>Source Files\Account</Filter>
    </ClCompile>
    <ClCompile Include="StudentAccount.cpp">
      <Filter>Source Files\Account</Filter>
    </ClCompile>
    <ClCompile Include="PrivateAccount.cpp">
      <Filter>Source Files\Account</Filter>
    </ClCompile>
    <ClCompile Include="BusinessAccount.cpp">
      <Filter>Source Files\Account</Filter>
    </ClCompile>
    <ClCompile Include="Client.cpp">
      <Filter>Source Files\Clients</Filter>
    </ClCompile>
    <ClCompile Include="GoldClient.cpp">
      <Filter>Source Files\Clients</Filter>
    </ClCompile>
    <ClCompile Include="PlatinumClient.cpp">
      <Filter>Source Files\Clients</Filter>
    </ClCompile>
    <ClCompile Include="regularClient.cpp">
      <Filter>Source Files\Clients</Filter>
    </ClCompile>
    <ClCompile Include="ATMInterface.cpp">
      <Filter>Source Files\Interface</Filter>
    </ClCompile>
    <ClCompile Include="BankInterface.cpp">
      <Filter>Source Files\Interface</Filter>
    </ClCompile>
    <ClCompile Include="ManagerInterface.cpp">
      <Filter>Source Files\Interface</Filter>
    </ClCompile>
    <ClCompile Include="TellerInterface.cpp">
      <Filter>Source Files\Interface</Filter>
    </ClCompile>
    <ClCompile Include="CreditCard.cpp">
      <Filter>Source Files\Clients</Filter>
    </ClCompile>
    <ClCompile Include="BankDB.cpp">
      <Filter>Source Files</Filter>
    </ClCompile>
    <ClCompile Include="ATMAction.cpp">
      <Filter>Source Files</Filter>
    </ClCompile>
  </ItemGroup>
</Project>